// !$*UTF8*$!
{
	archiveVersion = 1;
	classes = {
	};
	objectVersion = 50;
	objects = {

/* Begin PBXBuildFile section */
		FE9BD63D252CF5BA000B89B7 /* AppDelegate.swift in Sources */ = {isa = PBXBuildFile; fileRef = FE9BD63C252CF5BA000B89B7 /* AppDelegate.swift */; };
		FE9BD63F252CF5BA000B89B7 /* SceneDelegate.swift in Sources */ = {isa = PBXBuildFile; fileRef = FE9BD63E252CF5BA000B89B7 /* SceneDelegate.swift */; };
		FE9BD641252CF5BA000B89B7 /* HomeViewController.swift in Sources */ = {isa = PBXBuildFile; fileRef = FE9BD640252CF5BA000B89B7 /* HomeViewController.swift */; };
		FE9BD644252CF5BA000B89B7 /* Main.storyboard in Resources */ = {isa = PBXBuildFile; fileRef = FE9BD642252CF5BA000B89B7 /* Main.storyboard */; };
		FE9BD646252CF5BC000B89B7 /* Assets.xcassets in Resources */ = {isa = PBXBuildFile; fileRef = FE9BD645252CF5BC000B89B7 /* Assets.xcassets */; };
		FE9BD649252CF5BC000B89B7 /* LaunchScreen.storyboard in Resources */ = {isa = PBXBuildFile; fileRef = FE9BD647252CF5BC000B89B7 /* LaunchScreen.storyboard */; };
		FE9BD654252CF96E000B89B7 /* SqueezeNet.mlmodel in Sources */ = {isa = PBXBuildFile; fileRef = FE9BD653252CF96E000B89B7 /* SqueezeNet.mlmodel */; };
/* End PBXBuildFile section */

/* Begin PBXFileReference section */
		FE9BD639252CF5BA000B89B7 /* Image Detector.app */ = {isa = PBXFileReference; explicitFileType = wrapper.application; includeInIndex = 0; path = "Image Detector.app"; sourceTree = BUILT_PRODUCTS_DIR; };
		FE9BD63C252CF5BA000B89B7 /* AppDelegate.swift */ = {isa = PBXFileReference; lastKnownFileType = sourcecode.swift; path = AppDelegate.swift; sourceTree = "<group>"; };
		FE9BD63E252CF5BA000B89B7 /* SceneDelegate.swift */ = {isa = PBXFileReference; lastKnownFileType = sourcecode.swift; path = SceneDelegate.swift; sourceTree = "<group>"; };
		FE9BD640252CF5BA000B89B7 /* HomeViewController.swift */ = {isa = PBXFileReference; lastKnownFileType = sourcecode.swift; path = HomeViewController.swift; sourceTree = "<group>"; };
		FE9BD643252CF5BA000B89B7 /* Base */ = {isa = PBXFileReference; lastKnownFileType = file.storyboard; name = Base; path = Base.lproj/Main.storyboard; sourceTree = "<group>"; };
		FE9BD645252CF5BC000B89B7 /* Assets.xcassets */ = {isa = PBXFileReference; lastKnownFileType = folder.assetcatalog; path = Assets.xcassets; sourceTree = "<group>"; };
		FE9BD648252CF5BC000B89B7 /* Base */ = {isa = PBXFileReference; lastKnownFileType = file.storyboard; name = Base; path = Base.lproj/LaunchScreen.storyboard; sourceTree = "<group>"; };
		FE9BD64A252CF5BC000B89B7 /* Info.plist */ = {isa = PBXFileReference; lastKnownFileType = text.plist.xml; path = Info.plist; sourceTree = "<group>"; };
		FE9BD653252CF96E000B89B7 /* SqueezeNet.mlmodel */ = {isa = PBXFileReference; lastKnownFileType = file.mlmodel; path = SqueezeNet.mlmodel; sourceTree = "<group>"; };
/* End PBXFileReference section */

/* Begin PBXFrameworksBuildPhase section */
		FE9BD636252CF5BA000B89B7 /* Frameworks */ = {
			isa = PBXFrameworksBuildPhase;
			buildActionMask = 2147483647;
			files = (
			);
			runOnlyForDeploymentPostprocessing = 0;
		};
/* End PBXFrameworksBuildPhase section */

/* Begin PBXGroup section */
		FE9BD630252CF5BA000B89B7 = {
			isa = PBXGroup;
			children = (
				FE9BD63B252CF5BA000B89B7 /* ImageDetector */,
				FE9BD63A252CF5BA000B89B7 /* Products */,
			);
			sourceTree = "<group>";
		};
		FE9BD63A252CF5BA000B89B7 /* Products */ = {
			isa = PBXGroup;
			children = (
				FE9BD639252CF5BA000B89B7 /* Image Detector.app */,
			);
			name = Products;
			sourceTree = "<group>";
		};
		FE9BD63B252CF5BA000B89B7 /* ImageDetector */ = {
			isa = PBXGroup;
			children = (
				FE9BD652252CF5D0000B89B7 /* Application */,
				FE9BD651252CF5CD000B89B7 /* Views */,
				FE9BD650252CF5C4000B89B7 /* Controllers */,
				FE9BD645252CF5BC000B89B7 /* Assets.xcassets */,
			);
			path = ImageDetector;
			sourceTree = "<group>";
		};
		FE9BD650252CF5C4000B89B7 /* Controllers */ = {
			isa = PBXGroup;
			children = (
				FE9BD640252CF5BA000B89B7 /* HomeViewController.swift */,
			);
			path = Controllers;
			sourceTree = "<group>";
		};
		FE9BD651252CF5CD000B89B7 /* Views */ = {
			isa = PBXGroup;
			children = (
				FE9BD647252CF5BC000B89B7 /* LaunchScreen.storyboard */,
				FE9BD642252CF5BA000B89B7 /* Main.storyboard */,
			);
			path = Views;
			sourceTree = "<group>";
		};
		FE9BD652252CF5D0000B89B7 /* Application */ = {
			isa = PBXGroup;
			children = (
				FE9BD63C252CF5BA000B89B7 /* AppDelegate.swift */,
				FE9BD63E252CF5BA000B89B7 /* SceneDelegate.swift */,
				FE9BD64A252CF5BC000B89B7 /* Info.plist */,
				FE9BD653252CF96E000B89B7 /* SqueezeNet.mlmodel */,
			);
			path = Application;
			sourceTree = "<group>";
		};
/* End PBXGroup section */

/* Begin PBXNativeTarget section */
		FE9BD638252CF5BA000B89B7 /* ImageDetector */ = {
			isa = PBXNativeTarget;
			buildConfigurationList = FE9BD64D252CF5BC000B89B7 /* Build configuration list for PBXNativeTarget "ImageDetector" */;
			buildPhases = (
				FE9BD635252CF5BA000B89B7 /* Sources */,
				FE9BD636252CF5BA000B89B7 /* Frameworks */,
				FE9BD637252CF5BA000B89B7 /* Resources */,
			);
			buildRules = (
			);
			dependencies = (
			);
			name = ImageDetector;
			productName = ImageDetector;
			productReference = FE9BD639252CF5BA000B89B7 /* Image Detector.app */;
			productType = "com.apple.product-type.application";
		};
/* End PBXNativeTarget section */

/* Begin PBXProject section */
		FE9BD631252CF5BA000B89B7 /* Project object */ = {
			isa = PBXProject;
			attributes = {
				LastSwiftUpdateCheck = 1130;
				LastUpgradeCheck = 1130;
				ORGANIZATIONNAME = Tarokh;
				TargetAttributes = {
					FE9BD638252CF5BA000B89B7 = {
						CreatedOnToolsVersion = 11.3.1;
					};
				};
			};
			buildConfigurationList = FE9BD634252CF5BA000B89B7 /* Build configuration list for PBXProject "ImageDetector" */;
			compatibilityVersion = "Xcode 9.3";
			developmentRegion = en;
			hasScannedForEncodings = 0;
			knownRegions = (
				en,
				Base,
			);
			mainGroup = FE9BD630252CF5BA000B89B7;
			productRefGroup = FE9BD63A252CF5BA000B89B7 /* Products */;
			projectDirPath = "";
			projectRoot = "";
			targets = (
				FE9BD638252CF5BA000B89B7 /* ImageDetector */,
			);
		};
/* End PBXProject section */

/* Begin PBXResourcesBuildPhase section */
		FE9BD637252CF5BA000B89B7 /* Resources */ = {
			isa = PBXResourcesBuildPhase;
			buildActionMask = 2147483647;
			files = (
				FE9BD649252CF5BC000B89B7 /* LaunchScreen.storyboard in Resources */,
				FE9BD646252CF5BC000B89B7 /* Assets.xcassets in Resources */,
				FE9BD644252CF5BA000B89B7 /* Main.storyboard in Resources */,
			);
			runOnlyForDeploymentPostprocessing = 0;
		};
/* End PBXResourcesBuildPhase section */

/* Begin PBXSourcesBuildPhase section */
		FE9BD635252CF5BA000B89B7 /* Sources */ = {
			isa = PBXSourcesBuildPhase;
			buildActionMask = 2147483647;
			files = (
				FE9BD641252CF5BA000B89B7 /* HomeViewController.swift in Sources */,
				FE9BD63D252CF5BA000B89B7 /* AppDelegate.swift in Sources */,
				FE9BD63F252CF5BA000B89B7 /* SceneDelegate.swift in Sources */,
				FE9BD654252CF96E000B89B7 /* SqueezeNet.mlmodel in Sources */,
			);
			runOnlyForDeploymentPostprocessing = 0;
		};
/* End PBXSourcesBuildPhase section */

/* Begin PBXVariantGroup section */
		FE9BD642252CF5BA000B89B7 /* Main.storyboard */ = {
			isa = PBXVariantGroup;
			children = (
				FE9BD643252CF5BA000B89B7 /* Base */,
			);
			name = Main.storyboard;
			sourceTree = "<group>";
		};
		FE9BD647252CF5BC000B89B7 /* LaunchScreen.storyboard */ = {
			isa = PBXVariantGroup;
			children = (
				FE9BD648252CF5BC000B89B7 /* Base */,
			);
			name = LaunchScreen.storyboard;
			sourceTree = "<group>";
		};
/* End PBXVariantGroup section */

/* Begin XCBuildConfiguration section */
		FE9BD64B252CF5BC000B89B7 /* Debug */ = {
			isa = XCBuildConfiguration;
			buildSettings = {
				ALWAYS_SEARCH_USER_PATHS = NO;
				CLANG_ANALYZER_NONNULL = YES;
				CLANG_ANALYZER_NUMBER_OBJECT_CONVERSION = YES_AGGRESSIVE;
				CLANG_CXX_LANGUAGE_STANDARD = "gnu++14";
				CLANG_CXX_LIBRARY = "libc++";
				CLANG_ENABLE_MODULES = YES;
				CLANG_ENABLE_OBJC_ARC = YES;
				CLANG_ENABLE_OBJC_WEAK = YES;
				CLANG_WARN_BLOCK_CAPTURE_AUTORELEASING = YES;
				CLANG_WARN_BOOL_CONVERSION = YES;
				CLANG_WARN_COMMA = YES;
				CLANG_WARN_CONSTANT_CONVERSION = YES;
				CLANG_WARN_DEPRECATED_OBJC_IMPLEMENTATIONS = YES;
				CLANG_WARN_DIRECT_OBJC_ISA_USAGE = YES_ERROR;
				CLANG_WARN_DOCUMENTATION_COMMENTS = YES;
				CLANG_WARN_EMPTY_BODY = YES;
				CLANG_WARN_ENUM_CONVERSION = YES;
				CLANG_WARN_INFINITE_RECURSION = YES;
				CLANG_WARN_INT_CONVERSION = YES;
				CLANG_WARN_NON_LITERAL_NULL_CONVERSION = YES;
				CLANG_WARN_OBJC_IMPLICIT_RETAIN_SELF = YES;
				CLANG_WARN_OBJC_LITERAL_CONVERSION = YES;
				CLANG_WARN_OBJC_ROOT_CLASS = YES_ERROR;
				CLANG_WARN_RANGE_LOOP_ANALYSIS = YES;
				CLANG_WARN_STRICT_PROTOTYPES = YES;
				CLANG_WARN_SUSPICIOUS_MOVE = YES;
				CLANG_WARN_UNGUARDED_AVAILABILITY = YES_AGGRESSIVE;
				CLANG_WARN_UNREACHABLE_CODE = YES;
				CLANG_WARN__DUPLICATE_METHOD_MATCH = YES;
				COPY_PHASE_STRIP = NO;
				DEBUG_INFORMATION_FORMAT = dwarf;
				ENABLE_STRICT_OBJC_MSGSEND = YES;
				ENABLE_TESTABILITY = YES;
				GCC_C_LANGUAGE_STANDARD = gnu11;
				GCC_DYNAMIC_NO_PIC = NO;
				GCC_NO_COMMON_BLOCKS = YES;
				GCC_OPTIMIZATION_LEVEL = 0;
				GCC_PREPROCESSOR_DEFINITIONS = (
					"DEBUG=1",
					"$(inherited)",
				);
				GCC_WARN_64_TO_32_BIT_CONVERSION = YES;
				GCC_WARN_ABOUT_RETURN_TYPE = YES_ERROR;
				GCC_WARN_UNDECLARED_SELECTOR = YES;
				GCC_WARN_UNINITIALIZED_AUTOS = YES_AGGRESSIVE;
				GCC_WARN_UNUSED_FUNCTION = YES;
				GCC_WARN_UNUSED_VARIABLE = YES;
				IPHONEOS_DEPLOYMENT_TARGET = 13.2;
				MTL_ENABLE_DEBUG_INFO = INCLUDE_SOURCE;
				MTL_FAST_MATH = YES;
				ONLY_ACTIVE_ARCH = YES;
				SDKROOT = iphoneos;
				SWIFT_ACTIVE_COMPILATION_CONDITIONS = DEBUG;
				SWIFT_OPTIMIZATION_LEVEL = "-Onone";
			};
			name = Debug;
		};
		FE9BD64C252CF5BC000B89B7 /* Release */ = {
			isa = XCBuildConfiguration;
			buildSettings = {
				ALWAYS_SEARCH_USER_PATHS = NO;
				CLANG_ANALYZER_NONNULL = YES;
				CLANG_ANALYZER_NUMBER_OBJECT_CONVERSION = YES_AGGRESSIVE;
				CLANG_CXX_LANGUAGE_STANDARD = "gnu++14";
				CLANG_CXX_LIBRARY = "libc++";
				CLANG_ENABLE_MODULES = YES;
				CLANG_ENABLE_OBJC_ARC = YES;
				CLANG_ENABLE_OBJC_WEAK = YES;
				CLANG_WARN_BLOCK_CAPTURE_AUTORELEASING = YES;
				CLANG_WARN_BOOL_CONVERSION = YES;
				CLANG_WARN_COMMA = YES;
				CLANG_WARN_CONSTANT_CONVERSION = YES;
				CLANG_WARN_DEPRECATED_OBJC_IMPLEMENTATIONS = YES;
				CLANG_WARN_DIRECT_OBJC_ISA_USAGE = YES_ERROR;
				CLANG_WARN_DOCUMENTATION_COMMENTS = YES;
				CLANG_WARN_EMPTY_BODY = YES;
				CLANG_WARN_ENUM_CONVERSION = YES;
				CLANG_WARN_INFINITE_RECURSION = YES;
				CLANG_WARN_INT_CONVERSION = YES;
				CLANG_WARN_NON_LITERAL_NULL_CONVERSION = YES;
				CLANG_WARN_OBJC_IMPLICIT_RETAIN_SELF = YES;
				CLANG_WARN_OBJC_LITERAL_CONVERSION = YES;
				CLANG_WARN_OBJC_ROOT_CLASS = YES_ERROR;
				CLANG_WARN_RANGE_LOOP_ANALYSIS = YES;
				CLANG_WARN_STRICT_PROTOTYPES = YES;
				CLANG_WARN_SUSPICIOUS_MOVE = YES;
				CLANG_WARN_UNGUARDED_AVAILABILITY = YES_AGGRESSIVE;
				CLANG_WARN_UNREACHABLE_CODE = YES;
				CLANG_WARN__DUPLICATE_METHOD_MATCH = YES;
				COPY_PHASE_STRIP = NO;
				DEBUG_INFORMATION_FORMAT = "dwarf-with-dsym";
				ENABLE_NS_ASSERTIONS = NO;
				ENABLE_STRICT_OBJC_MSGSEND = YES;
				GCC_C_LANGUAGE_STANDARD = gnu11;
				GCC_NO_COMMON_BLOCKS = YES;
				GCC_WARN_64_TO_32_BIT_CONVERSION = YES;
				GCC_WARN_ABOUT_RETURN_TYPE = YES_ERROR;
				GCC_WARN_UNDECLARED_SELECTOR = YES;
				GCC_WARN_UNINITIALIZED_AUTOS = YES_AGGRESSIVE;
				GCC_WARN_UNUSED_FUNCTION = YES;
				GCC_WARN_UNUSED_VARIABLE = YES;
				IPHONEOS_DEPLOYMENT_TARGET = 13.2;
				MTL_ENABLE_DEBUG_INFO = NO;
				MTL_FAST_MATH = YES;
				SDKROOT = iphoneos;
				SWIFT_COMPILATION_MODE = wholemodule;
				SWIFT_OPTIMIZATION_LEVEL = "-O";
				VALIDATE_PRODUCT = YES;
			};
			name = Release;
		};
		FE9BD64E252CF5BC000B89B7 /* Debug */ = {
			isa = XCBuildConfiguration;
			buildSettings = {
				ASSETCATALOG_COMPILER_APPICON_NAME = AppIcon;
				CODE_SIGN_STYLE = Automatic;
				DEVELOPMENT_TEAM = BCBPPBQAT3;
				INFOPLIST_FILE = "$(SRCROOT)/ImageDetector/Application/Info.plist";
				LD_RUNPATH_SEARCH_PATHS = (
					"$(inherited)",
					"@executable_path/Frameworks",
				);
				PRODUCT_BUNDLE_IDENTIFIER = TAROKH.ImageDetector;
				PRODUCT_NAME = "Image Detector";
				SWIFT_VERSION = 5.0;
				TARGETED_DEVICE_FAMILY = "1,2";
			};
			name = Debug;
		};
		FE9BD64F252CF5BC000B89B7 /* Release */ = {
			isa = XCBuildConfiguration;
			buildSettings = {
				ASSETCATALOG_COMPILER_APPICON_NAME = AppIcon;
				CODE_SIGN_STYLE = Automatic;
				DEVELOPMENT_TEAM = BCBPPBQAT3;
				INFOPLIST_FILE = "$(SRCROOT)/ImageDetector/Application/Info.plist";
				LD_RUNPATH_SEARCH_PATHS = (
					"$(inherited)",
					"@executable_path/Frameworks",
				);
				PRODUCT_BUNDLE_IDENTIFIER = TAROKH.ImageDetector;
				PRODUCT_NAME = "Image Detector";
				SWIFT_VERSION = 5.0;
				TARGETED_DEVICE_FAMILY = "1,2";
			};
			name = Release;
		};
/* End XCBuildConfiguration section */

/* Begin XCConfigurationList section */
		FE9BD634252CF5BA000B89B7 /* Build configuration list for PBXProject "ImageDetector" */ = {
			isa = XCConfigurationList;
			buildConfigurations = (
				FE9BD64B252CF5BC000B89B7 /* Debug */,
				FE9BD64C252CF5BC000B89B7 /* Release */,
			);
			defaultConfigurationIsVisible = 0;
			defaultConfigurationName = Release;
		};
		FE9BD64D252CF5BC000B89B7 /* Build configuration list for PBXNativeTarget "ImageDetector" */ = {
			isa = XCConfigurationList;
			buildConfigurations = (
				FE9BD64E252CF5BC000B89B7 /* Debug */,
				FE9BD64F252CF5BC000B89B7 /* Release */,
			);
			defaultConfigurationIsVisible = 0;
			defaultConfigurationName = Release;
		};
/* End XCConfigurationList section */
	};
	rootObject = FE9BD631252CF5BA000B89B7 /* Project object */;
}
